
Microsoft Visual Studio Solution File, Format Version 12.00
# Visual Studio Version 16
VisualStudioVersion = 16.0.29123.88
MinimumVisualStudioVersion = 10.0.40219.1
Project("{FAE04EC0-301F-11D3-BF4B-00C04F79EFBC}") = "Atividade_CalculoDeComissao", "Atividade_CalculoDeComissao\Atividade_CalculoDeComissao.csproj", "{EBA15D81-6DB6-4F66-9D72-9E2FC61EBB28}"
EndProject
Global
	GlobalSection(SolutionConfigurationPlatforms) = preSolution
		Debug|Any CPU = Debug|Any CPU
		Release|Any CPU = Release|Any CPU
	EndGlobalSection
	GlobalSection(ProjectConfigurationPlatforms) = postSolution
		{EBA15D81-6DB6-4F66-9D72-9E2FC61EBB28}.Debug|Any CPU.ActiveCfg = Debug|Any CPU
		{EBA15D81-6DB6-4F66-9D72-9E2FC61EBB28}.Debug|Any CPU.Build.0 = Debug|Any CPU
		{EBA15D81-6DB6-4F66-9D72-9E2FC61EBB28}.Release|Any CPU.ActiveCfg = Release|Any CPU
		{EBA15D81-6DB6-4F66-9D72-9E2FC61EBB28}.Release|Any CPU.Build.0 = Release|Any CPU
	EndGlobalSection
	GlobalSection(SolutionProperties) = preSolution
		HideSolutionNode = FALSE
	EndGlobalSection
	GlobalSection(ExtensibilityGlobals) = postSolution
		SolutionGuid = {5148FC85-A3EF-4564-BB87-13485548F99C}
	EndGlobalSection
EndGlobal
